
Microsoft Visual Studio Solution File, Format Version 10.00
# Visual Studio 2008
Project("{E24C65DC-7377-472B-9ABA-BC803B73C61A}") = "c:\TP\", "c:\TP\", "{772CD317-71E0-4B0F-A41A-435FBD7475E0}"
	ProjectSection(WebsiteProperties) = preProject
		Debug.AspNetCompiler.VirtualPath = "/TP"
		Debug.AspNetCompiler.PhysicalPath = "c:\TP\"
		Debug.AspNetCompiler.TargetPath = "PrecompiledWeb\TP\"
		Debug.AspNetCompiler.Updateable = "true"
		Debug.AspNetCompiler.ForceOverwrite = "true"
		Debug.AspNetCompiler.FixedNames = "false"
		Debug.AspNetCompiler.Debug = "True"
		Release.AspNetCompiler.VirtualPath = "/TP"
		Release.AspNetCompiler.PhysicalPath = "c:\TP\"
		Release.AspNetCompiler.TargetPath = "PrecompiledWeb\TP\"
		Release.AspNetCompiler.Updateable = "true"
		Release.AspNetCompiler.ForceOverwrite = "true"
		Release.AspNetCompiler.FixedNames = "false"
		Release.AspNetCompiler.Debug = "False"
		VWDPort = "1734"
	EndProjectSection
EndProject
Global
	GlobalSection(SolutionConfigurationPlatforms) = preSolution
		Debug|.NET = Debug|.NET
	EndGlobalSection
	GlobalSection(ProjectConfigurationPlatforms) = postSolution
		{772CD317-71E0-4B0F-A41A-435FBD7475E0}.Debug|.NET.ActiveCfg = Debug|.NET
		{772CD317-71E0-4B0F-A41A-435FBD7475E0}.Debug|.NET.Build.0 = Debug|.NET
	EndGlobalSection
	GlobalSection(SolutionProperties) = preSolution
		HideSolutionNode = FALSE
	EndGlobalSection
EndGlobal
